
Microsoft Visual Studio Solution File, Format Version 12.00
# Visual Studio Version 17
VisualStudioVersion = 17.9.34728.123
MinimumVisualStudioVersion = 10.0.40219.1
Project("{FAE04EC0-301F-11D3-BF4B-00C04F79EFBC}") = "implicit_explicit_operator_overloading", "implicit_explicit_operator_overloading\implicit_explicit_operator_overloading.csproj", "{14C81B04-8EC2-481D-986E-098154875C87}"
EndProject
Global
	GlobalSection(SolutionConfigurationPlatforms) = preSolution
		Debug|Any CPU = Debug|Any CPU
		Release|Any CPU = Release|Any CPU
	EndGlobalSection
	GlobalSection(ProjectConfigurationPlatforms) = postSolution
		{14C81B04-8EC2-481D-986E-098154875C87}.Debug|Any CPU.ActiveCfg = Debug|Any CPU
		{14C81B04-8EC2-481D-986E-098154875C87}.Debug|Any CPU.Build.0 = Debug|Any CPU
		{14C81B04-8EC2-481D-986E-098154875C87}.Release|Any CPU.ActiveCfg = Release|Any CPU
		{14C81B04-8EC2-481D-986E-098154875C87}.Release|Any CPU.Build.0 = Release|Any CPU
	EndGlobalSection
	GlobalSection(SolutionProperties) = preSolution
		HideSolutionNode = FALSE
	EndGlobalSection
	GlobalSection(ExtensibilityGlobals) = postSolution
		SolutionGuid = {2D81441B-1E2C-481F-81A3-37586818E5C7}
	EndGlobalSection
EndGlobal
